
Microsoft Visual Studio Solution File, Format Version 12.00
# Visual Studio Version 16
VisualStudioVersion = 16.0.28922.388
MinimumVisualStudioVersion = 10.0.40219.1
Project("{FAE04EC0-301F-11D3-BF4B-00C04F79EFBC}") = "GiftCarder Module Creator", "GiftCarder Module Creator\GiftCarder Module Creator.csproj", "{F7FFA112-2FF5-44A0-BBE2-C56257D566BD}"
EndProject
Global
	GlobalSection(SolutionConfigurationPlatforms) = preSolution
		Debug|Any CPU = Debug|Any CPU
		Release|Any CPU = Release|Any CPU
	EndGlobalSection
	GlobalSection(ProjectConfigurationPlatforms) = postSolution
		{F7FFA112-2FF5-44A0-BBE2-C56257D566BD}.Debug|Any CPU.ActiveCfg = Debug|Any CPU
		{F7FFA112-2FF5-44A0-BBE2-C56257D566BD}.Debug|Any CPU.Build.0 = Debug|Any CPU
		{F7FFA112-2FF5-44A0-BBE2-C56257D566BD}.Release|Any CPU.ActiveCfg = Release|Any CPU
		{F7FFA112-2FF5-44A0-BBE2-C56257D566BD}.Release|Any CPU.Build.0 = Release|Any CPU
	EndGlobalSection
	GlobalSection(SolutionProperties) = preSolution
		HideSolutionNode = FALSE
	EndGlobalSection
	GlobalSection(ExtensibilityGlobals) = postSolution
		SolutionGuid = {AA69B936-FDD2-4DAA-B8E6-ADE68C1B4CD1}
	EndGlobalSection
EndGlobal
